Microsoft Visual Studio Solution File, Format Version 12.00
# Visual Studio Version 17
VisualStudioVersion = 17.0.31903.59
MinimumVisualStudioVersion = 10.0.40219.1
Project("{66A26720-8FB5-11D2-AA7E-00C04F688DDE}") = "website", "website", "{9F2D0703-5FAD-42B4-9C1F-22F9D3AA12F2}"
EndProject
Global
	GlobalSection(SolutionConfigurationPlatforms) = preSolution
		Debug|Any CPU = Debug|Any CPU
		Release|Any CPU = Release|Any CPU
	EndGlobalSection
	GlobalSection(ProjectConfigurationPlatforms) = postSolution
		{9F2D0703-5FAD-42B4-9C1F-22F9D3AA12F2}.Debug|Any CPU.ActiveCfg = Debug|Any CPU
		{9F2D0703-5FAD-42B4-9C1F-22F9D3AA12F2}.Debug|Any CPU.Build.0 = Debug|Any CPU
		{9F2D0703-5FAD-42B4-9C1F-22F9D3AA12F2}.Release|Any CPU.ActiveCfg = Release|Any CPU
		{9F2D0703-5FAD-42B4-9C1F-22F9D3AA12F2}.Release|Any CPU.Build.0 = Release|Any CPU
	EndGlobalSection
	GlobalSection(SolutionProperties) = preSolution
		HideSolutionNode = FALSE
	EndGlobalSection
EndGlobal
